
Microsoft Visual Studio Solution File, Format Version 12.00
# Visual Studio Version 16
VisualStudioVersion = 16.0.31205.134
MinimumVisualStudioVersion = 10.0.40219.1
Project("{FAE04EC0-301F-11D3-BF4B-00C04F79EFBC}") = "HolidayMaker-API", "HolidayMaker-API\HolidayMaker-API.csproj", "{CCDD05DE-0414-4629-AB3F-DC2035D19AD2}"
EndProject
Global
	GlobalSection(SolutionConfigurationPlatforms) = preSolution
		Debug|Any CPU = Debug|Any CPU
		Release|Any CPU = Release|Any CPU
	EndGlobalSection
	GlobalSection(ProjectConfigurationPlatforms) = postSolution
		{CCDD05DE-0414-4629-AB3F-DC2035D19AD2}.Debug|Any CPU.ActiveCfg = Debug|Any CPU
		{CCDD05DE-0414-4629-AB3F-DC2035D19AD2}.Debug|Any CPU.Build.0 = Debug|Any CPU
		{CCDD05DE-0414-4629-AB3F-DC2035D19AD2}.Release|Any CPU.ActiveCfg = Release|Any CPU
		{CCDD05DE-0414-4629-AB3F-DC2035D19AD2}.Release|Any CPU.Build.0 = Release|Any CPU
	EndGlobalSection
	GlobalSection(SolutionProperties) = preSolution
		HideSolutionNode = FALSE
	EndGlobalSection
	GlobalSection(ExtensibilityGlobals) = postSolution
		SolutionGuid = {9E5B2986-488D-4A55-AEBB-1E4BF72B69FF}
	EndGlobalSection
EndGlobal
